{"format_version":"1.0","terraform_version":"1.1.9","planned_values":{"root_module":{"resources":[{"address":"aws_autoscaling_group.my_asg","mode":"managed","type":"aws_autoscaling_group","name":"my_asg","provider_name":"registry.terraform.io/hashicorp/aws","schema_version":0,"values":{"availability_zones":["us-west-1a"],"capacity_rebalance":null,"desired_capacity":4,"enabled_metrics":null,"force_delete":true,"force_delete_warm_pool":false,"health_check_grace_period":300,"health_check_type":"ELB","initial_lifecycle_hook":[],"instance_refresh":[],"launch_configuration":"my_web_config","launch_template":[],"load_balancers":null,"max_instance_lifetime":null,"max_size":5,"metrics_granularity":"1Minute","min_elb_capacity":null,"min_size":1,"mixed_instances_policy":[],"name":"my_asg","placement_group":null,"protect_from_scale_in":false,"suspended_processes":null,"tag":[],"tags":null,"target_group_arns":null,"termination_policies":null,"timeouts":null,"wait_for_capacity_timeout":"10m","wait_for_elb_capacity":null,"warm_pool":[]},"sensitive_values":{"availability_zones":[false],"initial_lifecycle_hook":[],"instance_refresh":[],"launch_template":[],"mixed_instances_policy":[],"tag":[],"vpc_zone_identifier":[],"warm_pool":[]}},{"address":"aws_instance.web","mode":"managed","type":"aws_instance","name":"web","provider_name":"registry.terraform.io/hashicorp/aws","schema_version":1,"values":{"ami":"ami-09b4b74c","credit_specification":[],"get_password_data":false,"hibernation":null,"iam_instance_profile":null,"instance_type":"t2.micro","launch_template":[],"source_dest_check":true,"tags":null,"timeouts":null,"user_data_replace_on_change":false,"volume_tags":null},"sensitive_values":{"capacity_reservation_specification":[],"credit_specification":[],"ebs_block_device":[],"enclave_options":[],"ephemeral_block_device":[],"ipv6_addresses":[],"launch_template":[],"maintenance_options":[],"metadata_options":[],"network_interface":[],"root_block_device":[],"secondary_private_ips":[],"security_groups":[],"tags_all":{},"vpc_security_group_ids":[]}},{"address":"aws_launch_configuration.my_web_config","mode":"managed","type":"aws_launch_configuration","name":"my_web_config","provider_name":"registry.terraform.io/hashicorp/aws","schema_version":0,"values":{"associate_public_ip_address":false,"enable_monitoring":true,"ephemeral_block_device":[],"iam_instance_profile":null,"image_id":"ami-09b4b74c","instance_type":"t2.micro","name":"my_web_config","placement_tenancy":null,"security_groups":null,"spot_price":null,"user_data":null,"user_data_base64":null,"vpc_classic_link_id":null,"vpc_classic_link_security_groups":null},"sensitive_values":{"ebs_block_device":[],"ephemeral_block_device":[],"metadata_options":[],"root_block_device":[]}}]}},"resource_drift":[{"address":"aws_sqs_queue.a","mode":"managed","type":"aws_sqs_queue","name":"a","provider_name":"registry.terraform.io/hashicorp/aws","change":{"actions":["update"],"before":{"arn":"arn:aws:sqs:us-east-1:446960196218:cb-example-app-terraform-a.fifo","content_based_deduplication":true,"deduplication_scope":"queue","delay_seconds":0,"fifo_queue":true,"fifo_throughput_limit":"perQueue","id":"https://sqs.us-east-1.amazonaws.com/446960196218/cb-example-app-terraform-a.fifo","kms_data_key_reuse_period_seconds":300,"kms_master_key_id":"","max_message_size":262144,"message_retention_seconds":345600,"name":"cb-example-app-terraform-a.fifo","name_prefix":"","policy":"","receive_wait_time_seconds":0,"redrive_allow_policy":"","redrive_policy":"","sqs_managed_sse_enabled":false,"tags":null,"tags_all":{},"url":"https://sqs.us-east-1.amazonaws.com/446960196218/cb-example-app-terraform-a.fifo","visibility_timeout_seconds":30},"after":{"arn":"arn:aws:sqs:us-east-1:446960196218:cb-example-app-terraform-a.fifo","content_based_deduplication":true,"deduplication_scope":"queue","delay_seconds":0,"fifo_queue":true,"fifo_throughput_limit":"perQueue","id":"https://sqs.us-east-1.amazonaws.com/446960196218/cb-example-app-terraform-a.fifo","kms_data_key_reuse_period_seconds":300,"kms_master_key_id":"","max_message_size":262144,"message_retention_seconds":345600,"name":"cb-example-app-terraform-a.fifo","name_prefix":"","policy":"","receive_wait_time_seconds":0,"redrive_allow_policy":"","redrive_policy":"","sqs_managed_sse_enabled":false,"tags":{},"tags_all":{},"url":"https://sqs.us-east-1.amazonaws.com/446960196218/cb-example-app-terraform-a.fifo","visibility_timeout_seconds":30},"after_unknown":{},"before_sensitive":{"tags_all":{}},"after_sensitive":{"tags":{},"tags_all":{}}}},{"address":"aws_sqs_queue.b","mode":"managed","type":"aws_sqs_queue","name":"b","provider_name":"registry.terraform.io/hashicorp/aws","change":{"actions":["update"],"before":{"arn":"arn:aws:sqs:us-east-1:446960196218:cb-example-app-terraform-b.fifo","content_based_deduplication":false,"deduplication_scope":"queue","delay_seconds":0,"fifo_queue":true,"fifo_throughput_limit":"perQueue","id":"https://sqs.us-east-1.amazonaws.com/446960196218/cb-example-app-terraform-b.fifo","kms_data_key_reuse_period_seconds":300,"kms_master_key_id":"","max_message_size":262144,"message_retention_seconds":345600,"name":"cb-example-app-terraform-b.fifo","name_prefix":"","policy":"","receive_wait_time_seconds":0,"redrive_allow_policy":"","redrive_policy":"","sqs_managed_sse_enabled":false,"tags":null,"tags_all":{},"url":"https://sqs.us-east-1.amazonaws.com/446960196218/cb-example-app-terraform-b.fifo","visibility_timeout_seconds":30},"after":{"arn":"arn:aws:sqs:us-east-1:446960196218:cb-example-app-terraform-b.fifo","content_based_deduplication":false,"deduplication_scope":"queue","delay_seconds":0,"fifo_queue":true,"fifo_throughput_limit":"perQueue","id":"https://sqs.us-east-1.amazonaws.com/446960196218/cb-example-app-terraform-b.fifo","kms_data_key_reuse_period_seconds":300,"kms_master_key_id":"","max_message_size":262144,"message_retention_seconds":345600,"name":"cb-example-app-terraform-b.fifo","name_prefix":"","policy":"","receive_wait_time_seconds":0,"redrive_allow_policy":"","redrive_policy":"","sqs_managed_sse_enabled":false,"tags":{},"tags_all":{},"url":"https://sqs.us-east-1.amazonaws.com/446960196218/cb-example-app-terraform-b.fifo","visibility_timeout_seconds":30},"after_unknown":{},"before_sensitive":{"tags_all":{}},"after_sensitive":{"tags":{},"tags_all":{}}}}],"resource_changes":[{"address":"aws_autoscaling_group.my_asg","mode":"managed","type":"aws_autoscaling_group","name":"my_asg","provider_name":"registry.terraform.io/hashicorp/aws","change":{"actions":["create"],"before":null,"after":{"availability_zones":["us-west-1a"],"capacity_rebalance":null,"desired_capacity":4,"enabled_metrics":null,"force_delete":true,"force_delete_warm_pool":false,"health_check_grace_period":300,"health_check_type":"ELB","initial_lifecycle_hook":[],"instance_refresh":[],"launch_configuration":"my_web_config","launch_template":[],"load_balancers":null,"max_instance_lifetime":null,"max_size":5,"metrics_granularity":"1Minute","min_elb_capacity":null,"min_size":1,"mixed_instances_policy":[],"name":"my_asg","placement_group":null,"protect_from_scale_in":false,"suspended_processes":null,"tag":[],"tags":null,"target_group_arns":null,"termination_policies":null,"timeouts":null,"wait_for_capacity_timeout":"10m","wait_for_elb_capacity":null,"warm_pool":[]},"after_unknown":{"arn":true,"availability_zones":[false],"default_cooldown":true,"id":true,"initial_lifecycle_hook":[],"instance_refresh":[],"launch_template":[],"mixed_instances_policy":[],"name_prefix":true,"service_linked_role_arn":true,"tag":[],"vpc_zone_identifier":true,"warm_pool":[]},"before_sensitive":false,"after_sensitive":{"availability_zones":[false],"initial_lifecycle_hook":[],"instance_refresh":[],"launch_template":[],"mixed_instances_policy":[],"tag":[],"vpc_zone_identifier":[],"warm_pool":[]}}},{"address":"aws_instance.web","mode":"managed","type":"aws_instance","name":"web","provider_name":"registry.terraform.io/hashicorp/aws","change":{"actions":["create"],"before":null,"after":{"ami":"ami-09b4b74c","credit_specification":[],"get_password_data":false,"hibernation":null,"iam_instance_profile":null,"instance_type":"t2.micro","launch_template":[],"source_dest_check":true,"tags":null,"timeouts":null,"user_data_replace_on_change":false,"volume_tags":null},"after_unknown":{"arn":true,"associate_public_ip_address":true,"availability_zone":true,"capacity_reservation_specification":true,"cpu_core_count":true,"cpu_threads_per_core":true,"credit_specification":[],"disable_api_termination":true,"ebs_block_device":true,"ebs_optimized":true,"enclave_options":true,"ephemeral_block_device":true,"host_id":true,"id":true,"instance_initiated_shutdown_behavior":true,"instance_state":true,"ipv6_address_count":true,"ipv6_addresses":true,"key_name":true,"launch_template":[],"maintenance_options":true,"metadata_options":true,"monitoring":true,"network_interface":true,"outpost_arn":true,"password_data":true,"placement_group":true,"placement_partition_number":true,"primary_network_interface_id":true,"private_dns":true,"private_ip":true,"public_dns":true,"public_ip":true,"root_block_device":true,"secondary_private_ips":true,"security_groups":true,"subnet_id":true,"tags_all":true,"tenancy":true,"user_data":true,"user_data_base64":true,"vpc_security_group_ids":true},"before_sensitive":false,"after_sensitive":{"capacity_reservation_specification":[],"credit_specification":[],"ebs_block_device":[],"enclave_options":[],"ephemeral_block_device":[],"ipv6_addresses":[],"launch_template":[],"maintenance_options":[],"metadata_options":[],"network_interface":[],"root_block_device":[],"secondary_private_ips":[],"security_groups":[],"tags_all":{},"vpc_security_group_ids":[]}}},{"address":"aws_launch_configuration.my_web_config","mode":"managed","type":"aws_launch_configuration","name":"my_web_config","provider_name":"registry.terraform.io/hashicorp/aws","change":{"actions":["create"],"before":null,"after":{"associate_public_ip_address":false,"enable_monitoring":true,"ephemeral_block_device":[],"iam_instance_profile":null,"image_id":"ami-09b4b74c","instance_type":"t2.micro","name":"my_web_config","placement_tenancy":null,"security_groups":null,"spot_price":null,"user_data":null,"user_data_base64":null,"vpc_classic_link_id":null,"vpc_classic_link_security_groups":null},"after_unknown":{"arn":true,"ebs_block_device":true,"ebs_optimized":true,"ephemeral_block_device":[],"id":true,"key_name":true,"metadata_options":true,"name_prefix":true,"root_block_device":true},"before_sensitive":false,"after_sensitive":{"ebs_block_device":[],"ephemeral_block_device":[],"metadata_options":[],"root_block_device":[]}}},{"address":"aws_sqs_queue.a","mode":"managed","type":"aws_sqs_queue","name":"a","provider_name":"registry.terraform.io/hashicorp/aws","change":{"actions":["delete"],"before":{"arn":"arn:aws:sqs:us-east-1:446960196218:cb-example-app-terraform-a.fifo","content_based_deduplication":true,"deduplication_scope":"queue","delay_seconds":0,"fifo_queue":true,"fifo_throughput_limit":"perQueue","id":"https://sqs.us-east-1.amazonaws.com/446960196218/cb-example-app-terraform-a.fifo","kms_data_key_reuse_period_seconds":300,"kms_master_key_id":"","max_message_size":262144,"message_retention_seconds":345600,"name":"cb-example-app-terraform-a.fifo","name_prefix":"","policy":"","receive_wait_time_seconds":0,"redrive_allow_policy":"","redrive_policy":"","sqs_managed_sse_enabled":false,"tags":{},"tags_all":{},"url":"https://sqs.us-east-1.amazonaws.com/446960196218/cb-example-app-terraform-a.fifo","visibility_timeout_seconds":30},"after":null,"after_unknown":{},"before_sensitive":{"tags":{},"tags_all":{}},"after_sensitive":false},"action_reason":"delete_because_no_resource_config"},{"address":"aws_sqs_queue.b","mode":"managed","type":"aws_sqs_queue","name":"b","provider_name":"registry.terraform.io/hashicorp/aws","change":{"actions":["delete"],"before":{"arn":"arn:aws:sqs:us-east-1:446960196218:cb-example-app-terraform-b.fifo","content_based_deduplication":false,"deduplication_scope":"queue","delay_seconds":0,"fifo_queue":true,"fifo_throughput_limit":"perQueue","id":"https://sqs.us-east-1.amazonaws.com/446960196218/cb-example-app-terraform-b.fifo","kms_data_key_reuse_period_seconds":300,"kms_master_key_id":"","max_message_size":262144,"message_retention_seconds":345600,"name":"cb-example-app-terraform-b.fifo","name_prefix":"","policy":"","receive_wait_time_seconds":0,"redrive_allow_policy":"","redrive_policy":"","sqs_managed_sse_enabled":false,"tags":{},"tags_all":{},"url":"https://sqs.us-east-1.amazonaws.com/446960196218/cb-example-app-terraform-b.fifo","visibility_timeout_seconds":30},"after":null,"after_unknown":{},"before_sensitive":{"tags":{},"tags_all":{}},"after_sensitive":false},"action_reason":"delete_because_no_resource_config"}],"prior_state":{"format_version":"1.0","terraform_version":"1.1.9","values":{"root_module":{"resources":[{"address":"aws_sqs_queue.a","mode":"managed","type":"aws_sqs_queue","name":"a","provider_name":"registry.terraform.io/hashicorp/aws","schema_version":0,"values":{"arn":"arn:aws:sqs:us-east-1:446960196218:cb-example-app-terraform-a.fifo","content_based_deduplication":true,"deduplication_scope":"queue","delay_seconds":0,"fifo_queue":true,"fifo_throughput_limit":"perQueue","id":"https://sqs.us-east-1.amazonaws.com/446960196218/cb-example-app-terraform-a.fifo","kms_data_key_reuse_period_seconds":300,"kms_master_key_id":"","max_message_size":262144,"message_retention_seconds":345600,"name":"cb-example-app-terraform-a.fifo","name_prefix":"","policy":"","receive_wait_time_seconds":0,"redrive_allow_policy":"","redrive_policy":"","sqs_managed_sse_enabled":false,"tags":{},"tags_all":{},"url":"https://sqs.us-east-1.amazonaws.com/446960196218/cb-example-app-terraform-a.fifo","visibility_timeout_seconds":30},"sensitive_values":{"tags":{},"tags_all":{}}},{"address":"aws_sqs_queue.b","mode":"managed","type":"aws_sqs_queue","name":"b","provider_name":"registry.terraform.io/hashicorp/aws","schema_version":0,"values":{"arn":"arn:aws:sqs:us-east-1:446960196218:cb-example-app-terraform-b.fifo","content_based_deduplication":false,"deduplication_scope":"queue","delay_seconds":0,"fifo_queue":true,"fifo_throughput_limit":"perQueue","id":"https://sqs.us-east-1.amazonaws.com/446960196218/cb-example-app-terraform-b.fifo","kms_data_key_reuse_period_seconds":300,"kms_master_key_id":"","max_message_size":262144,"message_retention_seconds":345600,"name":"cb-example-app-terraform-b.fifo","name_prefix":"","policy":"","receive_wait_time_seconds":0,"redrive_allow_policy":"","redrive_policy":"","sqs_managed_sse_enabled":false,"tags":{},"tags_all":{},"url":"https://sqs.us-east-1.amazonaws.com/446960196218/cb-example-app-terraform-b.fifo","visibility_timeout_seconds":30},"sensitive_values":{"tags":{},"tags_all":{}}},{"address":"data.aws_caller_identity.i","mode":"data","type":"aws_caller_identity","name":"i","provider_name":"registry.terraform.io/hashicorp/aws","schema_version":0,"values":{"account_id":"446960196218","arn":"arn:aws:iam::446960196218:user/cschneider-api-access","id":"446960196218","user_id":"AIDAWQEHHLJ5AZETGSTMO"},"sensitive_values":{}},{"address":"data.aws_organizations_organization.o","mode":"data","type":"aws_organizations_organization","name":"o","provider_name":"registry.terraform.io/hashicorp/aws","schema_version":0,"values":{"accounts":null,"arn":"arn:aws:organizations::739082680003:organization/o-9txpghbplo","aws_service_access_principals":[],"enabled_policy_types":[],"feature_set":"ALL","id":"o-9txpghbplo","master_account_arn":"arn:aws:organizations::739082680003:account/o-9txpghbplo/739082680003","master_account_email":"awsadmin@verticalrelevance.com","master_account_id":"739082680003","non_master_accounts":null,"roots":null},"sensitive_values":{"aws_service_access_principals":[],"enabled_policy_types":[]}}]}}},"configuration":{"provider_config":{"aws":{"name":"aws","version_constraint":"~\u003e 4.0","expressions":{"region":{"references":["local.region"]},"skip_credentials_validation":{"constant_value":true},"skip_get_ec2_platforms":{"constant_value":true},"skip_metadata_api_check":{"constant_value":true},"skip_region_validation":{"constant_value":true}}}},"root_module":{"resources":[{"address":"aws_autoscaling_group.my_asg","mode":"managed","type":"aws_autoscaling_group","name":"my_asg","provider_config_key":"aws","expressions":{"availability_zones":{"constant_value":["us-west-1a"]},"desired_capacity":{"constant_value":4},"force_delete":{"constant_value":true},"health_check_grace_period":{"constant_value":300},"health_check_type":{"constant_value":"ELB"},"launch_configuration":{"constant_value":"my_web_config"},"max_size":{"constant_value":5},"min_size":{"constant_value":1},"name":{"constant_value":"my_asg"}},"schema_version":0},{"address":"aws_instance.web","mode":"managed","type":"aws_instance","name":"web","provider_config_key":"aws","expressions":{"ami":{"constant_value":"ami-09b4b74c"},"instance_type":{"constant_value":"t2.micro"}},"schema_version":1},{"address":"aws_launch_configuration.my_web_config","mode":"managed","type":"aws_launch_configuration","name":"my_web_config","provider_config_key":"aws","expressions":{"image_id":{"constant_value":"ami-09b4b74c"},"instance_type":{"constant_value":"t2.micro"},"name":{"constant_value":"my_web_config"}},"schema_version":0},{"address":"data.aws_caller_identity.i","mode":"data","type":"aws_caller_identity","name":"i","provider_config_key":"aws","schema_version":0},{"address":"data.aws_organizations_organization.o","mode":"data","type":"aws_organizations_organization","name":"o","provider_config_key":"aws","schema_version":0}]}}}
